
Microsoft Visual Studio Solution File, Format Version 12.00
# Visual Studio 14
VisualStudioVersion = 14.0.25420.1
MinimumVisualStudioVersion = 10.0.40219.1
Project("{FAE04EC0-301F-11D3-BF4B-00C04F79EFBC}") = "PruebasEpicor", "PruebasEpicor\PruebasEpicor.csproj", "{0D54F050-7FA1-4945-AC5F-4E186F2A174C}"
EndProject
Project("{FAE04EC0-301F-11D3-BF4B-00C04F79EFBC}") = "EpicorConnect", "EpicorConnect\EpicorConnect.csproj", "{1494C728-74CD-4E57-AFCA-F433695819BB}"
EndProject
Global
	GlobalSection(SolutionConfigurationPlatforms) = preSolution
		Debug|Any CPU = Debug|Any CPU
		Release|Any CPU = Release|Any CPU
	EndGlobalSection
	GlobalSection(ProjectConfigurationPlatforms) = postSolution
		{0D54F050-7FA1-4945-AC5F-4E186F2A174C}.Debug|Any CPU.ActiveCfg = Debug|Any CPU
		{0D54F050-7FA1-4945-AC5F-4E186F2A174C}.Debug|Any CPU.Build.0 = Debug|Any CPU
		{0D54F050-7FA1-4945-AC5F-4E186F2A174C}.Release|Any CPU.ActiveCfg = Release|Any CPU
		{0D54F050-7FA1-4945-AC5F-4E186F2A174C}.Release|Any CPU.Build.0 = Release|Any CPU
		{1494C728-74CD-4E57-AFCA-F433695819BB}.Debug|Any CPU.ActiveCfg = Debug|Any CPU
		{1494C728-74CD-4E57-AFCA-F433695819BB}.Debug|Any CPU.Build.0 = Debug|Any CPU
		{1494C728-74CD-4E57-AFCA-F433695819BB}.Release|Any CPU.ActiveCfg = Release|Any CPU
		{1494C728-74CD-4E57-AFCA-F433695819BB}.Release|Any CPU.Build.0 = Release|Any CPU
	EndGlobalSection
	GlobalSection(SolutionProperties) = preSolution
		HideSolutionNode = FALSE
	EndGlobalSection
EndGlobal
